// !$*UTF8*$!
{
	archiveVersion = 1;
	classes = {
	};
	objectVersion = 46;
	objects = {

/* Begin PBXBuildFile section */
		7D14D2E41CD28F8E00B3BF67 /* AppDelegate.swift in Sources */ = {isa = PBXBuildFile; fileRef = 7D14D2E31CD28F8E00B3BF67 /* AppDelegate.swift */; };
		7D14D2E61CD28F8E00B3BF67 /* ViewController.swift in Sources */ = {isa = PBXBuildFile; fileRef = 7D14D2E51CD28F8E00B3BF67 /* ViewController.swift */; };
		7D14D2E91CD28F8E00B3BF67 /* Main.storyboard in Resources */ = {isa = PBXBuildFile; fileRef = 7D14D2E71CD28F8E00B3BF67 /* Main.storyboard */; };
		7D14D2EB1CD28F8E00B3BF67 /* Assets.xcassets in Resources */ = {isa = PBXBuildFile; fileRef = 7D14D2EA1CD28F8E00B3BF67 /* Assets.xcassets */; };
		7D14D2EE1CD28F8E00B3BF67 /* LaunchScreen.storyboard in Resources */ = {isa = PBXBuildFile; fileRef = 7D14D2EC1CD28F8E00B3BF67 /* LaunchScreen.storyboard */; };
/* End PBXBuildFile section */

/* Begin PBXFileReference section */
		7D14D2E01CD28F8E00B3BF67 /* SuperCool.app */ = {isa = PBXFileReference; explicitFileType = wrapper.application; includeInIndex = 0; path = SuperCool.app; sourceTree = BUILT_PRODUCTS_DIR; };
		7D14D2E31CD28F8E00B3BF67 /* AppDelegate.swift */ = {isa = PBXFileReference; lastKnownFileType = sourcecode.swift; path = AppDelegate.swift; sourceTree = "<group>"; };
		7D14D2E51CD28F8E00B3BF67 /* ViewController.swift */ = {isa = PBXFileReference; lastKnownFileType = sourcecode.swift; path = ViewController.swift; sourceTree = "<group>"; };
		7D14D2E81CD28F8E00B3BF67 /* Base */ = {isa = PBXFileReference; lastKnownFileType = file.storyboard; name = Base; path = Base.lproj/Main.storyboard; sourceTree = "<group>"; };
		7D14D2EA1CD28F8E00B3BF67 /* Assets.xcassets */ = {isa = PBXFileReference; lastKnownFileType = folder.assetcatalog; path = Assets.xcassets; sourceTree = "<group>"; };
		7D14D2ED1CD28F8E00B3BF67 /* Base */ = {isa = PBXFileReference; lastKnownFileType = file.storyboard; name = Base; path = Base.lproj/LaunchScreen.storyboard; sourceTree = "<group>"; };
		7D14D2EF1CD28F8E00B3BF67 /* Info.plist */ = {isa = PBXFileReference; lastKnownFileType = text.plist.xml; path = Info.plist; sourceTree = "<group>"; };
/* End PBXFileReference section */

/* Begin PBXFrameworksBuildPhase section */
		7D14D2DD1CD28F8E00B3BF67 /* Frameworks */ = {
			isa = PBXFrameworksBuildPhase;
			buildActionMask = 2147483647;
			files = (
			);
			runOnlyForDeploymentPostprocessing = 0;
		};
/* End PBXFrameworksBuildPhase section */

/* Begin PBXGroup section */
		7D14D2D71CD28F8E00B3BF67 = {
			isa = PBXGroup;
			children = (
				7D14D2E21CD28F8E00B3BF67 /* SuperCool */,
				7D14D2E11CD28F8E00B3BF67 /* Products */,
			);
			sourceTree = "<group>";
		};
		7D14D2E11CD28F8E00B3BF67 /* Products */ = {
			isa = PBXGroup;
			children = (
				7D14D2E01CD28F8E00B3BF67 /* SuperCool.app */,
			);
			name = Products;
			sourceTree = "<group>";
		};
		7D14D2E21CD28F8E00B3BF67 /* SuperCool */ = {
			isa = PBXGroup;
			children = (
				7D14D2E31CD28F8E00B3BF67 /* AppDelegate.swift */,
				7D14D2E51CD28F8E00B3BF67 /* ViewController.swift */,
				7D14D2E71CD28F8E00B3BF67 /* Main.storyboard */,
				7D14D2EA1CD28F8E00B3BF67 /* Assets.xcassets */,
				7D14D2EC1CD28F8E00B3BF67 /* LaunchScreen.storyboard */,
				7D14D2EF1CD28F8E00B3BF67 /* Info.plist */,
			);
			path = SuperCool;
			sourceTree = "<group>";
		};
/* End PBXGroup section */

/* Begin PBXNativeTarget section */
		7D14D2DF1CD28F8E00B3BF67 /* SuperCool */ = {
			isa = PBXNativeTarget;
			buildConfigurationList = 7D14D2F21CD28F8E00B3BF67 /* Build configuration list for PBXNativeTarget "SuperCool" */;
			buildPhases = (
				7D14D2DC1CD28F8E00B3BF67 /* Sources */,
				7D14D2DD1CD28F8E00B3BF67 /* Frameworks */,
				7D14D2DE1CD28F8E00B3BF67 /* Resources */,
			);
			buildRules = (
			);
			dependencies = (
			);
			name = SuperCool;
			productName = SuperCool;
			productReference = 7D14D2E01CD28F8E00B3BF67 /* SuperCool.app */;
			productType = "com.apple.product-type.application";
		};
/* End PBXNativeTarget section */

/* Begin PBXProject section */
		7D14D2D81CD28F8E00B3BF67 /* Project object */ = {
			isa = PBXProject;
			attributes = {
				LastSwiftUpdateCheck = 0730;
				LastUpgradeCheck = 0730;
				ORGANIZATIONNAME = Jamie;
				TargetAttributes = {
					7D14D2DF1CD28F8E00B3BF67 = {
						CreatedOnToolsVersion = 7.3.1;
						DevelopmentTeam = GUQY8A4TH4;
					};
				};
			};
			buildConfigurationList = 7D14D2DB1CD28F8E00B3BF67 /* Build configuration list for PBXProject "SuperCool" */;
			compatibilityVersion = "Xcode 3.2";
			developmentRegion = English;
			hasScannedForEncodings = 0;
			knownRegions = (
				en,
				Base,
			);
			mainGroup = 7D14D2D71CD28F8E00B3BF67;
			productRefGroup = 7D14D2E11CD28F8E00B3BF67 /* Products */;
			projectDirPath = "";
			projectRoot = "";
			targets = (
				7D14D2DF1CD28F8E00B3BF67 /* SuperCool */,
			);
		};
/* End PBXProject section */

/* Begin PBXResourcesBuildPhase section */
		7D14D2DE1CD28F8E00B3BF67 /* Resources */ = {
			isa = PBXResourcesBuildPhase;
			buildActionMask = 2147483647;
			files = (
				7D14D2EE1CD28F8E00B3BF67 /* LaunchScreen.storyboard in Resources */,
				7D14D2EB1CD28F8E00B3BF67 /* Assets.xcassets in Resources */,
				7D14D2E91CD28F8E00B3BF67 /* Main.storyboard in Resources */,
			);
			runOnlyForDeploymentPostprocessing = 0;
		};
/* End PBXResourcesBuildPhase section */

/* Begin PBXSourcesBuildPhase section */
		7D14D2DC1CD28F8E00B3BF67 /* Sources */ = {
			isa = PBXSourcesBuildPhase;
			buildActionMask = 2147483647;
			files = (
				7D14D2E61CD28F8E00B3BF67 /* ViewController.swift in Sources */,
				7D14D2E41CD28F8E00B3BF67 /* AppDelegate.swift in Sources */,
			);
			runOnlyForDeploymentPostprocessing = 0;
		};
/* End PBXSourcesBuildPhase section */

/* Begin PBXVariantGroup section */
		7D14D2E71CD28F8E00B3BF67 /* Main.storyboard */ = {
			isa = PBXVariantGroup;
			children = (
				7D14D2E81CD28F8E00B3BF67 /* Base */,
			);
			name = Main.storyboard;
			sourceTree = "<group>";
		};
		7D14D2EC1CD28F8E00B3BF67 /* LaunchScreen.storyboard */ = {
			isa = PBXVariantGroup;
			children = (
				7D14D2ED1CD28F8E00B3BF67 /* Base */,
			);
			name = LaunchScreen.storyboard;
			sourceTree = "<group>";
		};
/* End PBXVariantGroup section */

/* Begin XCBuildConfiguration section */
		7D14D2F01CD28F8E00B3BF67 /* Debug */ = {
			isa = XCBuildConfiguration;
			buildSettings = {
				ALWAYS_SEARCH_USER_PATHS = NO;
				CLANG_ANALYZER_NONNULL = YES;
				CLANG_CXX_LANGUAGE_STANDARD = "gnu++0x";
				CLANG_CXX_LIBRARY = "libc++";
				CLANG_ENABLE_MODULES = YES;
				CLANG_ENABLE_OBJC_ARC = YES;
				CLANG_WARN_BOOL_CONVERSION = YES;
				CLANG_WARN_CONSTANT_CONVERSION = YES;
				CLANG_WARN_DIRECT_OBJC_ISA_USAGE = YES_ERROR;
				CLANG_WARN_EMPTY_BODY = YES;
				CLANG_WARN_ENUM_CONVERSION = YES;
				CLANG_WARN_INT_CONVERSION = YES;
				CLANG_WARN_OBJC_ROOT_CLASS = YES_ERROR;
				CLANG_WARN_UNREACHABLE_CODE = YES;
				CLANG_WARN__DUPLICATE_METHOD_MATCH = YES;
				"CODE_SIGN_IDENTITY[sdk=iphoneos*]" = "iPhone Developer";
				COPY_PHASE_STRIP = NO;
				DEBUG_INFORMATION_FORMAT = dwarf;
				ENABLE_STRICT_OBJC_MSGSEND = YES;
				ENABLE_TESTABILITY = YES;
				GCC_C_LANGUAGE_STANDARD = gnu99;
				GCC_DYNAMIC_NO_PIC = NO;
				GCC_NO_COMMON_BLOCKS = YES;
				GCC_OPTIMIZATION_LEVEL = 0;
				GCC_PREPROCESSOR_DEFINITIONS = (
					"DEBUG=1",
					"$(inherited)",
				);
				GCC_WARN_64_TO_32_BIT_CONVERSION = YES;
				GCC_WARN_ABOUT_RETURN_TYPE = YES_ERROR;
				GCC_WARN_UNDECLARED_SELECTOR = YES;
				GCC_WARN_UNINITIALIZED_AUTOS = YES_AGGRESSIVE;
				GCC_WARN_UNUSED_FUNCTION = YES;
				GCC_WARN_UNUSED_VARIABLE = YES;
				IPHONEOS_DEPLOYMENT_TARGET = 9.3;
				MTL_ENABLE_DEBUG_INFO = YES;
				ONLY_ACTIVE_ARCH = YES;
				SDKROOT = iphoneos;
				SWIFT_OPTIMIZATION_LEVEL = "-Onone";
			};
			name = Debug;
		};
		7D14D2F11CD28F8E00B3BF67 /* Release */ = {
			isa = XCBuildConfiguration;
			buildSettings = {
				ALWAYS_SEARCH_USER_PATHS = NO;
				CLANG_ANALYZER_NONNULL = YES;
				CLANG_CXX_LANGUAGE_STANDARD = "gnu++0x";
				CLANG_CXX_LIBRARY = "libc++";
				CLANG_ENABLE_MODULES = YES;
				CLANG_ENABLE_OBJC_ARC = YES;
				CLANG_WARN_BOOL_CONVERSION = YES;
				CLANG_WARN_CONSTANT_CONVERSION = YES;
				CLANG_WARN_DIRECT_OBJC_ISA_USAGE = YES_ERROR;
				CLANG_WARN_EMPTY_BODY = YES;
				CLANG_WARN_ENUM_CONVERSION = YES;
				CLANG_WARN_INT_CONVERSION = YES;
				CLANG_WARN_OBJC_ROOT_CLASS = YES_ERROR;
				CLANG_WARN_UNREACHABLE_CODE = YES;
				CLANG_WARN__DUPLICATE_METHOD_MATCH = YES;
				"CODE_SIGN_IDENTITY[sdk=iphoneos*]" = "iPhone Developer";
				COPY_PHASE_STRIP = NO;
				DEBUG_INFORMATION_FORMAT = "dwarf-with-dsym";
				ENABLE_NS_ASSERTIONS = NO;
				ENABLE_STRICT_OBJC_MSGSEND = YES;
				GCC_C_LANGUAGE_STANDARD = gnu99;
				GCC_NO_COMMON_BLOCKS = YES;
				GCC_WARN_64_TO_32_BIT_CONVERSION = YES;
				GCC_WARN_ABOUT_RETURN_TYPE = YES_ERROR;
				GCC_WARN_UNDECLARED_SELECTOR = YES;
				GCC_WARN_UNINITIALIZED_AUTOS = YES_AGGRESSIVE;
				GCC_WARN_UNUSED_FUNCTION = YES;
				GCC_WARN_UNUSED_VARIABLE = YES;
				IPHONEOS_DEPLOYMENT_TARGET = 9.3;
				MTL_ENABLE_DEBUG_INFO = NO;
				SDKROOT = iphoneos;
				VALIDATE_PRODUCT = YES;
			};
			name = Release;
		};
		7D14D2F31CD28F8E00B3BF67 /* Debug */ = {
			isa = XCBuildConfiguration;
			buildSettings = {
				ASSETCATALOG_COMPILER_APPICON_NAME = AppIcon;
				CODE_SIGN_IDENTITY = "iPhone Developer";
				"CODE_SIGN_IDENTITY[sdk=iphoneos*]" = "iPhone Developer";
				INFOPLIST_FILE = SuperCool/Info.plist;
				LD_RUNPATH_SEARCH_PATHS = "$(inherited) @executable_path/Frameworks";
				PRODUCT_BUNDLE_IDENTIFIER = "com.i-fixer.SuperCool";
				PRODUCT_NAME = "$(TARGET_NAME)";
				PROVISIONING_PROFILE = "";
			};
			name = Debug;
		};
		7D14D2F41CD28F8E00B3BF67 /* Release */ = {
			isa = XCBuildConfiguration;
			buildSettings = {
				ASSETCATALOG_COMPILER_APPICON_NAME = AppIcon;
				CODE_SIGN_IDENTITY = "iPhone Developer";
				"CODE_SIGN_IDENTITY[sdk=iphoneos*]" = "iPhone Developer";
				INFOPLIST_FILE = SuperCool/Info.plist;
				LD_RUNPATH_SEARCH_PATHS = "$(inherited) @executable_path/Frameworks";
				PRODUCT_BUNDLE_IDENTIFIER = "com.i-fixer.SuperCool";
				PRODUCT_NAME = "$(TARGET_NAME)";
				PROVISIONING_PROFILE = "";
			};
			name = Release;
		};
/* End XCBuildConfiguration section */

/* Begin XCConfigurationList section */
		7D14D2DB1CD28F8E00B3BF67 /* Build configuration list for PBXProject "SuperCool" */ = {
			isa = XCConfigurationList;
			buildConfigurations = (
				7D14D2F01CD28F8E00B3BF67 /* Debug */,
				7D14D2F11CD28F8E00B3BF67 /* Release */,
			);
			defaultConfigurationIsVisible = 0;
			defaultConfigurationName = Release;
		};
		7D14D2F21CD28F8E00B3BF67 /* Build configuration list for PBXNativeTarget "SuperCool" */ = {
			isa = XCConfigurationList;
			buildConfigurations = (
				7D14D2F31CD28F8E00B3BF67 /* Debug */,
				7D14D2F41CD28F8E00B3BF67 /* Release */,
			);
			defaultConfigurationIsVisible = 0;
		};
/* End XCConfigurationList section */
	};
	rootObject = 7D14D2D81CD28F8E00B3BF67 /* Project object */;
}
